<?xml version="1.0" encoding="utf-8"?>
<Project ToolsVersion="4.0" xmlns="http://schemas.microsoft.com/developer/msbuild/2003">
  <ItemGroup>
    <Filter Include="Исходные файлы">
      <UniqueIdentifier>{4FC737F1-C7A5-4376-A066-2A32D752A2FF}</UniqueIdentifier>
      <Extensions>cpp;c;cc;cxx;c++;def;odl;idl;hpj;bat;asm;asmx</Extensions>
    </Filter>
    <Filter Include="Файлы заголовков">
      <UniqueIdentifier>{93995380-89BD-4b04-88EB-625FBE52EBFB}</UniqueIdentifier>
      <Extensions>h;hh;hpp;hxx;h++;hm;inl;inc;ipp;xsd</Extensions>
    </Filter>
    <Filter Include="Файлы ресурсов">
      <UniqueIdentifier>{67DA6AB6-F800-4c08-8B7A-83BB121AAD01}</UniqueIdentifier>
      <Extensions>rc;ico;cur;bmp;dlg;rc2;rct;bin;rgs;gif;jpg;jpeg;jpe;resx;tiff;tif;png;wav;mfcribbon-ms</Extensions>
    </Filter>
    <Filter Include="Исходные файлы\Entities">
      <UniqueIdentifier>{970fe08d-cf03-45c8-953d-8b7dfd11a369}</UniqueIdentifier>
    </Filter>
    <Filter Include="Файлы заголовков\Entities">
      <UniqueIdentifier>{e9977b3e-f14f-4bd3-9490-09e00c4751a0}</UniqueIdentifier>
    </Filter>
    <Filter Include="Исходные файлы\Screen">
      <UniqueIdentifier>{deb40e68-b427-4f93-913c-5b27dcce2acf}</UniqueIdentifier>
    </Filter>
    <Filter Include="Исходные файлы\Elements">
      <UniqueIdentifier>{9517dfe7-e67c-4851-8c1d-6ed6212f172a}</UniqueIdentifier>
    </Filter>
    <Filter Include="Файлы заголовков\Elements">
      <UniqueIdentifier>{970ddf47-9ac1-4d59-a490-789c98bf8da7}</UniqueIdentifier>
    </Filter>
  </ItemGroup>
  <ItemGroup>
    <ClCompile Include="JobRend.cpp">
      <Filter>Исходные файлы</Filter>
    </ClCompile>
    <ClCompile Include="EntityContainer.cpp">
      <Filter>Исходные файлы</Filter>
    </ClCompile>
    <ClCompile Include="LinesDrawEntity.cpp">
      <Filter>Исходные файлы\Entities</Filter>
    </ClCompile>
    <ClCompile Include="Screen.cpp">
      <Filter>Исходные файлы\Screen</Filter>
    </ClCompile>
    <ClCompile Include="ScreenStates.cpp">
      <Filter>Исходные файлы\Screen</Filter>
    </ClCompile>
    <ClCompile Include="Texture.cpp">
      <Filter>Исходные файлы\Elements</Filter>
    </ClCompile>
    <ClCompile Include="TextureDrawEntity.cpp">
      <Filter>Исходные файлы\Entities</Filter>
    </ClCompile>
    <ClCompile Include="BaseInputEntity.cpp">
      <Filter>Исходные файлы\Entities</Filter>
    </ClCompile>
    <ClCompile Include="MainCanvas.cpp">
      <Filter>Исходные файлы\Screen</Filter>
    </ClCompile>
  </ItemGroup>
  <ItemGroup>
    <ClInclude Include="Resolutions.h">
      <Filter>Файлы заголовков</Filter>
    </ClInclude>
    <ClInclude Include="Directories.h">
      <Filter>Файлы заголовков</Filter>
    </ClInclude>
    <ClInclude Include="Loader.h">
      <Filter>Файлы заголовков</Filter>
    </ClInclude>
    <ClInclude Include="Converters.h">
      <Filter>Файлы заголовков</Filter>
    </ClInclude>
    <ClInclude Include="Screen.h">
      <Filter>Файлы заголовков</Filter>
    </ClInclude>
    <ClInclude Include="Entity.h">
      <Filter>Файлы заголовков</Filter>
    </ClInclude>
    <ClInclude Include="LinesDrawEntity.h">
      <Filter>Файлы заголовков\Entities</Filter>
    </ClInclude>
    <ClInclude Include="EntityContainer.h">
      <Filter>Файлы заголовков</Filter>
    </ClInclude>
    <ClInclude Include="ScreenStates.h">
      <Filter>Файлы заголовков</Filter>
    </ClInclude>
    <ClInclude Include="TextureDrawEntity.h">
      <Filter>Файлы заголовков\Entities</Filter>
    </ClInclude>
    <ClInclude Include="Texture.h">
      <Filter>Файлы заголовков\Elements</Filter>
    </ClInclude>
    <ClInclude Include="BaseInputEntity.h">
      <Filter>Файлы заголовков\Entities</Filter>
    </ClInclude>
    <ClInclude Include="MainCanvas.h">
      <Filter>Файлы заголовков\Elements</Filter>
    </ClInclude>
  </ItemGroup>
</Project>