<?xml version="1.0" encoding="utf-8"?>
<Project ToolsVersion="4.0" xmlns="http://schemas.microsoft.com/developer/msbuild/2003">
  <ItemGroup>
    <Filter Include="Исходные файлы">
      <UniqueIdentifier>{4FC737F1-C7A5-4376-A066-2A32D752A2FF}</UniqueIdentifier>
      <Extensions>cpp;c;cc;cxx;c++;def;odl;idl;hpj;bat;asm;asmx</Extensions>
    </Filter>
    <Filter Include="Файлы заголовков">
      <UniqueIdentifier>{93995380-89BD-4b04-88EB-625FBE52EBFB}</UniqueIdentifier>
      <Extensions>h;hh;hpp;hxx;h++;hm;inl;inc;ipp;xsd</Extensions>
    </Filter>
    <Filter Include="Файлы ресурсов">
      <UniqueIdentifier>{67DA6AB6-F800-4c08-8B7A-83BB121AAD01}</UniqueIdentifier>
      <Extensions>rc;ico;cur;bmp;dlg;rc2;rct;bin;rgs;gif;jpg;jpeg;jpe;resx;tiff;tif;png;wav;mfcribbon-ms</Extensions>
    </Filter>
    <Filter Include="Исходные файлы\Entities">
      <UniqueIdentifier>{970fe08d-cf03-45c8-953d-8b7dfd11a369}</UniqueIdentifier>
    </Filter>
    <Filter Include="Файлы заголовков\Entities">
      <UniqueIdentifier>{e9977b3e-f14f-4bd3-9490-09e00c4751a0}</UniqueIdentifier>
    </Filter>
    <Filter Include="Исходные файлы\Screen">
      <UniqueIdentifier>{deb40e68-b427-4f93-913c-5b27dcce2acf}</UniqueIdentifier>
    </Filter>
    <Filter Include="Исходные файлы\Elements">
      <UniqueIdentifier>{9517dfe7-e67c-4851-8c1d-6ed6212f172a}</UniqueIdentifier>
    </Filter>
    <Filter Include="Файлы заголовков\Elements">
      <UniqueIdentifier>{970ddf47-9ac1-4d59-a490-789c98bf8da7}</UniqueIdentifier>
    </Filter>
    <Filter Include="Исходные файлы\Engine">
      <UniqueIdentifier>{1bce76e0-7dd7-4bbc-8639-d608e57de963}</UniqueIdentifier>
    </Filter>
    <Filter Include="Файлы заголовков\Engine">
      <UniqueIdentifier>{6939ad24-1b36-4e27-a1f6-5a8f04496a9f}</UniqueIdentifier>
    </Filter>
    <Filter Include="Файлы заголовков\Helpers">
      <UniqueIdentifier>{b9cb994a-178c-46cc-8bf6-3e6ba03e3ff4}</UniqueIdentifier>
    </Filter>
    <Filter Include="Файлы заголовков\Screen">
      <UniqueIdentifier>{73753e08-81a6-4996-b55c-6a47d4e542f6}</UniqueIdentifier>
    </Filter>
  </ItemGroup>
  <ItemGroup>
    <ClCompile Include="JobRend.cpp">
      <Filter>Исходные файлы</Filter>
    </ClCompile>
    <ClCompile Include="ScreenStates.cpp">
      <Filter>Исходные файлы\Screen</Filter>
    </ClCompile>
    <ClCompile Include="BaseInputEntity.cpp">
      <Filter>Исходные файлы\Entities</Filter>
    </ClCompile>
    <ClCompile Include="Model.cpp">
      <Filter>Исходные файлы\Elements</Filter>
    </ClCompile>
    <ClCompile Include="ModelDrawEntity.cpp">
      <Filter>Исходные файлы\Entities</Filter>
    </ClCompile>
    <ClCompile Include="Vector3.cpp">
      <Filter>Исходные файлы\Entities</Filter>
    </ClCompile>
    <ClCompile Include="PlaneDrawEntity.cpp">
      <Filter>Исходные файлы\Entities</Filter>
    </ClCompile>
    <ClCompile Include="EntityContainer.cpp">
      <Filter>Исходные файлы\Engine</Filter>
    </ClCompile>
    <ClCompile Include="SDLSoftwareRenderer.cpp">
      <Filter>Исходные файлы\Engine</Filter>
    </ClCompile>
    <ClCompile Include="Engine.cpp">
      <Filter>Исходные файлы\Engine</Filter>
    </ClCompile>
  </ItemGroup>
  <ItemGroup>
    <ClInclude Include="BaseInputEntity.h">
      <Filter>Файлы заголовков\Entities</Filter>
    </ClInclude>
    <ClInclude Include="Model.h">
      <Filter>Файлы заголовков\Elements</Filter>
    </ClInclude>
    <ClInclude Include="Mesh.h">
      <Filter>Файлы заголовков\Elements</Filter>
    </ClInclude>
    <ClInclude Include="ModelDrawEntity.h">
      <Filter>Файлы заголовков\Entities</Filter>
    </ClInclude>
    <ClInclude Include="PlaneDrawEntity.h">
      <Filter>Файлы заголовков\Entities</Filter>
    </ClInclude>
    <ClInclude Include="Vectors.h">
      <Filter>Файлы заголовков\Elements</Filter>
    </ClInclude>
    <ClInclude Include="Converters.h">
      <Filter>Файлы заголовков\Helpers</Filter>
    </ClInclude>
    <ClInclude Include="Directories.h">
      <Filter>Файлы заголовков\Helpers</Filter>
    </ClInclude>
    <ClInclude Include="Entity.h">
      <Filter>Файлы заголовков\Engine</Filter>
    </ClInclude>
    <ClInclude Include="EntityContainer.h">
      <Filter>Файлы заголовков\Engine</Filter>
    </ClInclude>
    <ClInclude Include="Resolutions.h">
      <Filter>Файлы заголовков\Helpers</Filter>
    </ClInclude>
    <ClInclude Include="AbstractRenderer.h">
      <Filter>Файлы заголовков\Engine</Filter>
    </ClInclude>
    <ClInclude Include="ScreenStates.h">
      <Filter>Файлы заголовков\Screen</Filter>
    </ClInclude>
    <ClInclude Include="SDLSoftwareRenderer.h">
      <Filter>Файлы заголовков\Engine</Filter>
    </ClInclude>
    <ClInclude Include="Color.h">
      <Filter>Файлы заголовков\Elements</Filter>
    </ClInclude>
    <ClInclude Include="Engine.h">
      <Filter>Файлы заголовков</Filter>
    </ClInclude>
  </ItemGroup>
</Project>